
Microsoft Visual Studio Solution File, Format Version 12.00
# Visual Studio Version 17
VisualStudioVersion = 17.7.33927.210
MinimumVisualStudioVersion = 10.0.40219.1
Project("{9A19103F-16F7-4668-BE54-9A1E7A4F7556}") = "HeadlessProjectv1", "HeadlessProjectv1\HeadlessProjectv1.csproj", "{5CF5EF04-C6CA-470F-A932-35C4EAD01518}"
EndProject
Project("{9A19103F-16F7-4668-BE54-9A1E7A4F7556}") = "ConsoleAppBasic", "ConsoleAppBasic\ConsoleAppBasic.csproj", "{11858229-4A63-48EA-ACB4-00BE359A62A1}"
EndProject
Project("{9A19103F-16F7-4668-BE54-9A1E7A4F7556}") = "WildBearAdventuresMVC", "WildBearAdventuresMVC\WildBearAdventuresMVC.csproj", "{04AEDE96-810D-4102-BE98-CB3B19AE29DC}"
	ProjectSection(ProjectDependencies) = postProject
		{5CF5EF04-C6CA-470F-A932-35C4EAD01518} = {5CF5EF04-C6CA-470F-A932-35C4EAD01518}
	EndProjectSection
EndProject
Project("{FAE04EC0-301F-11D3-BF4B-00C04F79EFBC}") = "UcommerceDTO", "UcommerceDTO\UcommerceDTO.csproj", "{22313907-1341-4077-83AF-2216CC66E4B1}"
EndProject
Global
	GlobalSection(SolutionConfigurationPlatforms) = preSolution
		Debug|Any CPU = Debug|Any CPU
		Release|Any CPU = Release|Any CPU
	EndGlobalSection
	GlobalSection(ProjectConfigurationPlatforms) = postSolution
		{5CF5EF04-C6CA-470F-A932-35C4EAD01518}.Debug|Any CPU.ActiveCfg = Debug|Any CPU
		{5CF5EF04-C6CA-470F-A932-35C4EAD01518}.Debug|Any CPU.Build.0 = Debug|Any CPU
		{5CF5EF04-C6CA-470F-A932-35C4EAD01518}.Release|Any CPU.ActiveCfg = Release|Any CPU
		{5CF5EF04-C6CA-470F-A932-35C4EAD01518}.Release|Any CPU.Build.0 = Release|Any CPU
		{11858229-4A63-48EA-ACB4-00BE359A62A1}.Debug|Any CPU.ActiveCfg = Debug|Any CPU
		{11858229-4A63-48EA-ACB4-00BE359A62A1}.Debug|Any CPU.Build.0 = Debug|Any CPU
		{11858229-4A63-48EA-ACB4-00BE359A62A1}.Release|Any CPU.ActiveCfg = Release|Any CPU
		{11858229-4A63-48EA-ACB4-00BE359A62A1}.Release|Any CPU.Build.0 = Release|Any CPU
		{04AEDE96-810D-4102-BE98-CB3B19AE29DC}.Debug|Any CPU.ActiveCfg = Debug|Any CPU
		{04AEDE96-810D-4102-BE98-CB3B19AE29DC}.Debug|Any CPU.Build.0 = Debug|Any CPU
		{04AEDE96-810D-4102-BE98-CB3B19AE29DC}.Release|Any CPU.ActiveCfg = Release|Any CPU
		{04AEDE96-810D-4102-BE98-CB3B19AE29DC}.Release|Any CPU.Build.0 = Release|Any CPU
		{22313907-1341-4077-83AF-2216CC66E4B1}.Debug|Any CPU.ActiveCfg = Debug|Any CPU
		{22313907-1341-4077-83AF-2216CC66E4B1}.Debug|Any CPU.Build.0 = Debug|Any CPU
		{22313907-1341-4077-83AF-2216CC66E4B1}.Release|Any CPU.ActiveCfg = Release|Any CPU
		{22313907-1341-4077-83AF-2216CC66E4B1}.Release|Any CPU.Build.0 = Release|Any CPU
	EndGlobalSection
	GlobalSection(SolutionProperties) = preSolution
		HideSolutionNode = FALSE
	EndGlobalSection
	GlobalSection(ExtensibilityGlobals) = postSolution
		SolutionGuid = {BDD00387-802A-42B3-80F9-7D6A0BCF5EDE}
	EndGlobalSection
EndGlobal
